// !$*UTF8*$!
{
	archiveVersion = 1;
	classes = {
	};
	objectVersion = 77;
	objects = {

/* Begin PBXContainerItemProxy section */
		6026F7092CF6BFD700B87BA4 /* PBXContainerItemProxy */ = {
			isa = PBXContainerItemProxy;
			containerPortal = 6026F6EC2CF6BFD600B87BA4 /* Project object */;
			proxyType = 1;
			remoteGlobalIDString = 6026F6F32CF6BFD600B87BA4;
			remoteInfo = FitStory;
		};
		6026F7132CF6BFD700B87BA4 /* PBXContainerItemProxy */ = {
			isa = PBXContainerItemProxy;
			containerPortal = 6026F6EC2CF6BFD600B87BA4 /* Project object */;
			proxyType = 1;
			remoteGlobalIDString = 6026F6F32CF6BFD600B87BA4;
			remoteInfo = FitStory;
		};
/* End PBXContainerItemProxy section */

/* Begin PBXFileReference section */
		6026F6F42CF6BFD600B87BA4 /* FitStory.app */ = {isa = PBXFileReference; explicitFileType = wrapper.application; includeInIndex = 0; path = FitStory.app; sourceTree = BUILT_PRODUCTS_DIR; };
		6026F7082CF6BFD700B87BA4 /* FitStoryTests.xctest */ = {isa = PBXFileReference; explicitFileType = wrapper.cfbundle; includeInIndex = 0; path = FitStoryTests.xctest; sourceTree = BUILT_PRODUCTS_DIR; };
		6026F7122CF6BFD700B87BA4 /* FitStoryUITests.xctest */ = {isa = PBXFileReference; explicitFileType = wrapper.cfbundle; includeInIndex = 0; path = FitStoryUITests.xctest; sourceTree = BUILT_PRODUCTS_DIR; };
/* End PBXFileReference section */

/* Begin PBXFileSystemSynchronizedBuildFileExceptionSet section */
		6026F71A2CF6BFD700B87BA4 /* Exceptions for "FitStory" folder in "FitStory" target */ = {
			isa = PBXFileSystemSynchronizedBuildFileExceptionSet;
			membershipExceptions = (
				Info.plist,
			);
			target = 6026F6F32CF6BFD600B87BA4 /* FitStory */;
		};
/* End PBXFileSystemSynchronizedBuildFileExceptionSet section */

/* Begin PBXFileSystemSynchronizedRootGroup section */
		6026F6F62CF6BFD600B87BA4 /* FitStory */ = {
			isa = PBXFileSystemSynchronizedRootGroup;
			exceptions = (
				6026F71A2CF6BFD700B87BA4 /* Exceptions for "FitStory" folder in "FitStory" target */,
			);
			path = FitStory;
			sourceTree = "<group>";
		};
		6026F70B2CF6BFD700B87BA4 /* FitStoryTests */ = {
			isa = PBXFileSystemSynchronizedRootGroup;
			path = FitStoryTests;
			sourceTree = "<group>";
		};
		6026F7152CF6BFD700B87BA4 /* FitStoryUITests */ = {
			isa = PBXFileSystemSynchronizedRootGroup;
			path = FitStoryUITests;
			sourceTree = "<group>";
		};
/* End PBXFileSystemSynchronizedRootGroup section */

/* Begin PBXFrameworksBuildPhase section */
		6026F6F12CF6BFD600B87BA4 /* Frameworks */ = {
			isa = PBXFrameworksBuildPhase;
			buildActionMask = 2147483647;
			files = (
			);
			runOnlyForDeploymentPostprocessing = 0;
		};
		6026F7052CF6BFD700B87BA4 /* Frameworks */ = {
			isa = PBXFrameworksBuildPhase;
			buildActionMask = 2147483647;
			files = (
			);
			runOnlyForDeploymentPostprocessing = 0;
		};
		6026F70F2CF6BFD700B87BA4 /* Frameworks */ = {
			isa = PBXFrameworksBuildPhase;
			buildActionMask = 2147483647;
			files = (
			);
			runOnlyForDeploymentPostprocessing = 0;
		};
/* End PBXFrameworksBuildPhase section */

/* Begin PBXGroup section */
		6026F6EB2CF6BFD600B87BA4 = {
			isa = PBXGroup;
			children = (
				6026F6F62CF6BFD600B87BA4 /* FitStory */,
				6026F70B2CF6BFD700B87BA4 /* FitStoryTests */,
				6026F7152CF6BFD700B87BA4 /* FitStoryUITests */,
				6026F6F52CF6BFD600B87BA4 /* Products */,
			);
			sourceTree = "<group>";
		};
		6026F6F52CF6BFD600B87BA4 /* Products */ = {
			isa = PBXGroup;
			children = (
				6026F6F42CF6BFD600B87BA4 /* FitStory.app */,
				6026F7082CF6BFD700B87BA4 /* FitStoryTests.xctest */,
				6026F7122CF6BFD700B87BA4 /* FitStoryUITests.xctest */,
			);
			name = Products;
			sourceTree = "<group>";
		};
/* End PBXGroup section */

/* Begin PBXNativeTarget section */
		6026F6F32CF6BFD600B87BA4 /* FitStory */ = {
			isa = PBXNativeTarget;
			buildConfigurationList = 6026F71B2CF6BFD700B87BA4 /* Build configuration list for PBXNativeTarget "FitStory" */;
			buildPhases = (
				6026F6F02CF6BFD600B87BA4 /* Sources */,
				6026F6F12CF6BFD600B87BA4 /* Frameworks */,
				6026F6F22CF6BFD600B87BA4 /* Resources */,
			);
			buildRules = (
			);
			dependencies = (
			);
			fileSystemSynchronizedGroups = (
				6026F6F62CF6BFD600B87BA4 /* FitStory */,
			);
			name = FitStory;
			packageProductDependencies = (
			);
			productName = FitStory;
			productReference = 6026F6F42CF6BFD600B87BA4 /* FitStory.app */;
			productType = "com.apple.product-type.application";
		};
		6026F7072CF6BFD700B87BA4 /* FitStoryTests */ = {
			isa = PBXNativeTarget;
			buildConfigurationList = 6026F7202CF6BFD700B87BA4 /* Build configuration list for PBXNativeTarget "FitStoryTests" */;
			buildPhases = (
				6026F7042CF6BFD700B87BA4 /* Sources */,
				6026F7052CF6BFD700B87BA4 /* Frameworks */,
				6026F7062CF6BFD700B87BA4 /* Resources */,
			);
			buildRules = (
			);
			dependencies = (
				6026F70A2CF6BFD700B87BA4 /* PBXTargetDependency */,
			);
			fileSystemSynchronizedGroups = (
				6026F70B2CF6BFD700B87BA4 /* FitStoryTests */,
			);
			name = FitStoryTests;
			packageProductDependencies = (
			);
			productName = FitStoryTests;
			productReference = 6026F7082CF6BFD700B87BA4 /* FitStoryTests.xctest */;
			productType = "com.apple.product-type.bundle.unit-test";
		};
		6026F7112CF6BFD700B87BA4 /* FitStoryUITests */ = {
			isa = PBXNativeTarget;
			buildConfigurationList = 6026F7232CF6BFD700B87BA4 /* Build configuration list for PBXNativeTarget "FitStoryUITests" */;
			buildPhases = (
				6026F70E2CF6BFD700B87BA4 /* Sources */,
				6026F70F2CF6BFD700B87BA4 /* Frameworks */,
				6026F7102CF6BFD700B87BA4 /* Resources */,
			);
			buildRules = (
			);
			dependencies = (
				6026F7142CF6BFD700B87BA4 /* PBXTargetDependency */,
			);
			fileSystemSynchronizedGroups = (
				6026F7152CF6BFD700B87BA4 /* FitStoryUITests */,
			);
			name = FitStoryUITests;
			packageProductDependencies = (
			);
			productName = FitStoryUITests;
			productReference = 6026F7122CF6BFD700B87BA4 /* FitStoryUITests.xctest */;
			productType = "com.apple.product-type.bundle.ui-testing";
		};
/* End PBXNativeTarget section */

/* Begin PBXProject section */
		6026F6EC2CF6BFD600B87BA4 /* Project object */ = {
			isa = PBXProject;
			attributes = {
				BuildIndependentTargetsInParallel = 1;
				LastSwiftUpdateCheck = 1610;
				LastUpgradeCheck = 1610;
				TargetAttributes = {
					6026F6F32CF6BFD600B87BA4 = {
						CreatedOnToolsVersion = 16.1;
					};
					6026F7072CF6BFD700B87BA4 = {
						CreatedOnToolsVersion = 16.1;
						TestTargetID = 6026F6F32CF6BFD600B87BA4;
					};
					6026F7112CF6BFD700B87BA4 = {
						CreatedOnToolsVersion = 16.1;
						TestTargetID = 6026F6F32CF6BFD600B87BA4;
					};
				};
			};
			buildConfigurationList = 6026F6EF2CF6BFD600B87BA4 /* Build configuration list for PBXProject "FitStory" */;
			developmentRegion = en;
			hasScannedForEncodings = 0;
			knownRegions = (
				en,
				Base,
			);
			mainGroup = 6026F6EB2CF6BFD600B87BA4;
			minimizedProjectReferenceProxies = 1;
			preferredProjectObjectVersion = 77;
			productRefGroup = 6026F6F52CF6BFD600B87BA4 /* Products */;
			projectDirPath = "";
			projectRoot = "";
			targets = (
				6026F6F32CF6BFD600B87BA4 /* FitStory */,
				6026F7072CF6BFD700B87BA4 /* FitStoryTests */,
				6026F7112CF6BFD700B87BA4 /* FitStoryUITests */,
			);
		};
/* End PBXProject section */

/* Begin PBXResourcesBuildPhase section */
		6026F6F22CF6BFD600B87BA4 /* Resources */ = {
			isa = PBXResourcesBuildPhase;
			buildActionMask = 2147483647;
			files = (
			);
			runOnlyForDeploymentPostprocessing = 0;
		};
		6026F7062CF6BFD700B87BA4 /* Resources */ = {
			isa = PBXResourcesBuildPhase;
			buildActionMask = 2147483647;
			files = (
			);
			runOnlyForDeploymentPostprocessing = 0;
		};
		6026F7102CF6BFD700B87BA4 /* Resources */ = {
			isa = PBXResourcesBuildPhase;
			buildActionMask = 2147483647;
			files = (
			);
			runOnlyForDeploymentPostprocessing = 0;
		};
/* End PBXResourcesBuildPhase section */

/* Begin PBXSourcesBuildPhase section */
		6026F6F02CF6BFD600B87BA4 /* Sources */ = {
			isa = PBXSourcesBuildPhase;
			buildActionMask = 2147483647;
			files = (
			);
			runOnlyForDeploymentPostprocessing = 0;
		};
		6026F7042CF6BFD700B87BA4 /* Sources */ = {
			isa = PBXSourcesBuildPhase;
			buildActionMask = 2147483647;
			files = (
			);
			runOnlyForDeploymentPostprocessing = 0;
		};
		6026F70E2CF6BFD700B87BA4 /* Sources */ = {
			isa = PBXSourcesBuildPhase;
			buildActionMask = 2147483647;
			files = (
			);
			runOnlyForDeploymentPostprocessing = 0;
		};
/* End PBXSourcesBuildPhase section */

/* Begin PBXTargetDependency section */
		6026F70A2CF6BFD700B87BA4 /* PBXTargetDependency */ = {
			isa = PBXTargetDependency;
			target = 6026F6F32CF6BFD600B87BA4 /* FitStory */;
			targetProxy = 6026F7092CF6BFD700B87BA4 /* PBXContainerItemProxy */;
		};
		6026F7142CF6BFD700B87BA4 /* PBXTargetDependency */ = {
			isa = PBXTargetDependency;
			target = 6026F6F32CF6BFD600B87BA4 /* FitStory */;
			targetProxy = 6026F7132CF6BFD700B87BA4 /* PBXContainerItemProxy */;
		};
/* End PBXTargetDependency section */

/* Begin XCBuildConfiguration section */
		6026F71C2CF6BFD700B87BA4 /* Debug */ = {
			isa = XCBuildConfiguration;
			buildSettings = {
				ASSETCATALOG_COMPILER_APPICON_NAME = AppIcon;
				ASSETCATALOG_COMPILER_GLOBAL_ACCENT_COLOR_NAME = AccentColor;
				CODE_SIGN_ENTITLEMENTS = FitStory/FitStory.entitlements;
				CODE_SIGN_IDENTITY = "Apple Development";
				CODE_SIGN_STYLE = Automatic;
				CURRENT_PROJECT_VERSION = 1;
				DEVELOPMENT_ASSET_PATHS = "\"FitStory/Preview Content\"";
				DEVELOPMENT_TEAM = HDMU7Y5UNB;
				ENABLE_PREVIEWS = YES;
				GENERATE_INFOPLIST_FILE = YES;
				INFOPLIST_FILE = FitStory/Info.plist;
				INFOPLIST_KEY_UIApplicationSceneManifest_Generation = YES;
				INFOPLIST_KEY_UIApplicationSupportsIndirectInputEvents = YES;
				INFOPLIST_KEY_UILaunchScreen_Generation = YES;
				INFOPLIST_KEY_UISupportedInterfaceOrientations_iPad = "UIInterfaceOrientationPortrait UIInterfaceOrientationPortraitUpsideDown UIInterfaceOrientationLandscapeLeft UIInterfaceOrientationLandscapeRight";
				INFOPLIST_KEY_UISupportedInterfaceOrientations_iPhone = "UIInterfaceOrientationPortrait UIInterfaceOrientationLandscapeLeft UIInterfaceOrientationLandscapeRight";
				LD_RUNPATH_SEARCH_PATHS = (
					"$(inherited)",
					"@executable_path/Frameworks",
				);
				MARKETING_VERSION = 1.0;
				PRODUCT_BUNDLE_IDENTIFIER = birdwell.FitStory;
				PRODUCT_NAME = "$(TARGET_NAME)";
				PROVISIONING_PROFILE_SPECIFIER = "";
				SWIFT_EMIT_LOC_STRINGS = YES;
				SWIFT_VERSION = 5.0;
				TARGETED_DEVICE_FAMILY = "1,2";
			};
			name = Debug;
		};
		6026F71D2CF6BFD700B87BA4 /* Release */ = {
			isa = XCBuildConfiguration;
			buildSettings = {
				ASSETCATALOG_COMPILER_APPICON_NAME = AppIcon;
				ASSETCATALOG_COMPILER_GLOBAL_ACCENT_COLOR_NAME = AccentColor;
				CODE_SIGN_ENTITLEMENTS = FitStory/FitStory.entitlements;
				CODE_SIGN_IDENTITY = "Apple Development";
				CODE_SIGN_STYLE = Automatic;
				CURRENT_PROJECT_VERSION = 1;
				DEVELOPMENT_ASSET_PATHS = "\"FitStory/Preview Content\"";
				DEVELOPMENT_TEAM = HDMU7Y5UNB;
				ENABLE_PREVIEWS = YES;
				GENERATE_INFOPLIST_FILE = YES;
				INFOPLIST_FILE = FitStory/Info.plist;
				INFOPLIST_KEY_UIApplicationSceneManifest_Generation = YES;
				INFOPLIST_KEY_UIApplicationSupportsIndirectInputEvents = YES;
				INFOPLIST_KEY_UILaunchScreen_Generation = YES;
				INFOPLIST_KEY_UISupportedInterfaceOrientations_iPad = "UIInterfaceOrientationPortrait UIInterfaceOrientationPortraitUpsideDown UIInterfaceOrientationLandscapeLeft UIInterfaceOrientationLandscapeRight";
				INFOPLIST_KEY_UISupportedInterfaceOrientations_iPhone = "UIInterfaceOrientationPortrait UIInterfaceOrientationLandscapeLeft UIInterfaceOrientationLandscapeRight";
				LD_RUNPATH_SEARCH_PATHS = (
					"$(inherited)",
					"@executable_path/Frameworks",
				);
				MARKETING_VERSION = 1.0;
				PRODUCT_BUNDLE_IDENTIFIER = birdwell.FitStory;
				PRODUCT_NAME = "$(TARGET_NAME)";
				PROVISIONING_PROFILE_SPECIFIER = "";
				SWIFT_EMIT_LOC_STRINGS = YES;
				SWIFT_VERSION = 5.0;
				TARGETED_DEVICE_FAMILY = "1,2";
			};
			name = Release;
		};
		6026F71E2CF6BFD700B87BA4 /* Debug */ = {
			isa = XCBuildConfiguration;
			buildSettings = {
				ALWAYS_SEARCH_USER_PATHS = NO;
				ASSETCATALOG_COMPILER_GENERATE_SWIFT_ASSET_SYMBOL_EXTENSIONS = YES;
				CLANG_ANALYZER_NONNULL = YES;
				CLANG_ANALYZER_NUMBER_OBJECT_CONVERSION = YES_AGGRESSIVE;
				CLANG_CXX_LANGUAGE_STANDARD = "gnu++20";
				CLANG_ENABLE_MODULES = YES;
				CLANG_ENABLE_OBJC_ARC = YES;
				CLANG_ENABLE_OBJC_WEAK = YES;
				CLANG_WARN_BLOCK_CAPTURE_AUTORELEASING = YES;
				CLANG_WARN_BOOL_CONVERSION = YES;
				CLANG_WARN_COMMA = YES;
				CLANG_WARN_CONSTANT_CONVERSION = YES;
				CLANG_WARN_DEPRECATED_OBJC_IMPLEMENTATIONS = YES;
				CLANG_WARN_DIRECT_OBJC_ISA_USAGE = YES_ERROR;
				CLANG_WARN_DOCUMENTATION_COMMENTS = YES;
				CLANG_WARN_EMPTY_BODY = YES;
				CLANG_WARN_ENUM_CONVERSION = YES;
				CLANG_WARN_INFINITE_RECURSION = YES;
				CLANG_WARN_INT_CONVERSION = YES;
				CLANG_WARN_NON_LITERAL_NULL_CONVERSION = YES;
				CLANG_WARN_OBJC_IMPLICIT_RETAIN_SELF = YES;
				CLANG_WARN_OBJC_LITERAL_CONVERSION = YES;
				CLANG_WARN_OBJC_ROOT_CLASS = YES_ERROR;
				CLANG_WARN_QUOTED_INCLUDE_IN_FRAMEWORK_HEADER = YES;
				CLANG_WARN_RANGE_LOOP_ANALYSIS = YES;
				CLANG_WARN_STRICT_PROTOTYPES = YES;
				CLANG_WARN_SUSPICIOUS_MOVE = YES;
				CLANG_WARN_UNGUARDED_AVAILABILITY = YES_AGGRESSIVE;
				CLANG_WARN_UNREACHABLE_CODE = YES;
				CLANG_WARN__DUPLICATE_METHOD_MATCH = YES;
				COPY_PHASE_STRIP = NO;
				DEBUG_INFORMATION_FORMAT = dwarf;
				ENABLE_STRICT_OBJC_MSGSEND = YES;
				ENABLE_TESTABILITY = YES;
				ENABLE_USER_SCRIPT_SANDBOXING = YES;
				GCC_C_LANGUAGE_STANDARD = gnu17;
				GCC_DYNAMIC_NO_PIC = NO;
				GCC_NO_COMMON_BLOCKS = YES;
				GCC_OPTIMIZATION_LEVEL = 0;
				GCC_PREPROCESSOR_DEFINITIONS = (
					"DEBUG=1",
					"$(inherited)",
				);
				GCC_WARN_64_TO_32_BIT_CONVERSION = YES;
				GCC_WARN_ABOUT_RETURN_TYPE = YES_ERROR;
				GCC_WARN_UNDECLARED_SELECTOR = YES;
				GCC_WARN_UNINITIALIZED_AUTOS = YES_AGGRESSIVE;
				GCC_WARN_UNUSED_FUNCTION = YES;
				GCC_WARN_UNUSED_VARIABLE = YES;
				IPHONEOS_DEPLOYMENT_TARGET = 18.1;
				LOCALIZATION_PREFERS_STRING_CATALOGS = YES;
				MTL_ENABLE_DEBUG_INFO = INCLUDE_SOURCE;
				MTL_FAST_MATH = YES;
				ONLY_ACTIVE_ARCH = YES;
				SDKROOT = iphoneos;
				SWIFT_ACTIVE_COMPILATION_CONDITIONS = "DEBUG $(inherited)";
				SWIFT_OPTIMIZATION_LEVEL = "-Onone";
			};
			name = Debug;
		};
		6026F71F2CF6BFD700B87BA4 /* Release */ = {
			isa = XCBuildConfiguration;
			buildSettings = {
				ALWAYS_SEARCH_USER_PATHS = NO;
				ASSETCATALOG_COMPILER_GENERATE_SWIFT_ASSET_SYMBOL_EXTENSIONS = YES;
				CLANG_ANALYZER_NONNULL = YES;
				CLANG_ANALYZER_NUMBER_OBJECT_CONVERSION = YES_AGGRESSIVE;
				CLANG_CXX_LANGUAGE_STANDARD = "gnu++20";
				CLANG_ENABLE_MODULES = YES;
				CLANG_ENABLE_OBJC_ARC = YES;
				CLANG_ENABLE_OBJC_WEAK = YES;
				CLANG_WARN_BLOCK_CAPTURE_AUTORELEASING = YES;
				CLANG_WARN_BOOL_CONVERSION = YES;
				CLANG_WARN_COMMA = YES;
				CLANG_WARN_CONSTANT_CONVERSION = YES;
				CLANG_WARN_DEPRECATED_OBJC_IMPLEMENTATIONS = YES;
				CLANG_WARN_DIRECT_OBJC_ISA_USAGE = YES_ERROR;
				CLANG_WARN_DOCUMENTATION_COMMENTS = YES;
				CLANG_WARN_EMPTY_BODY = YES;
				CLANG_WARN_ENUM_CONVERSION = YES;
				CLANG_WARN_INFINITE_RECURSION = YES;
				CLANG_WARN_INT_CONVERSION = YES;
				CLANG_WARN_NON_LITERAL_NULL_CONVERSION = YES;
				CLANG_WARN_OBJC_IMPLICIT_RETAIN_SELF = YES;
				CLANG_WARN_OBJC_LITERAL_CONVERSION = YES;
				CLANG_WARN_OBJC_ROOT_CLASS = YES_ERROR;
				CLANG_WARN_QUOTED_INCLUDE_IN_FRAMEWORK_HEADER = YES;
				CLANG_WARN_RANGE_LOOP_ANALYSIS = YES;
				CLANG_WARN_STRICT_PROTOTYPES = YES;
				CLANG_WARN_SUSPICIOUS_MOVE = YES;
				CLANG_WARN_UNGUARDED_AVAILABILITY = YES_AGGRESSIVE;
				CLANG_WARN_UNREACHABLE_CODE = YES;
				CLANG_WARN__DUPLICATE_METHOD_MATCH = YES;
				COPY_PHASE_STRIP = NO;
				DEBUG_INFORMATION_FORMAT = "dwarf-with-dsym";
				ENABLE_NS_ASSERTIONS = NO;
				ENABLE_STRICT_OBJC_MSGSEND = YES;
				ENABLE_USER_SCRIPT_SANDBOXING = YES;
				GCC_C_LANGUAGE_STANDARD = gnu17;
				GCC_NO_COMMON_BLOCKS = YES;
				GCC_WARN_64_TO_32_BIT_CONVERSION = YES;
				GCC_WARN_ABOUT_RETURN_TYPE = YES_ERROR;
				GCC_WARN_UNDECLARED_SELECTOR = YES;
				GCC_WARN_UNINITIALIZED_AUTOS = YES_AGGRESSIVE;
				GCC_WARN_UNUSED_FUNCTION = YES;
				GCC_WARN_UNUSED_VARIABLE = YES;
				IPHONEOS_DEPLOYMENT_TARGET = 18.1;
				LOCALIZATION_PREFERS_STRING_CATALOGS = YES;
				MTL_ENABLE_DEBUG_INFO = NO;
				MTL_FAST_MATH = YES;
				SDKROOT = iphoneos;
				SWIFT_COMPILATION_MODE = wholemodule;
				VALIDATE_PRODUCT = YES;
			};
			name = Release;
		};
		6026F7212CF6BFD700B87BA4 /* Debug */ = {
			isa = XCBuildConfiguration;
			buildSettings = {
				BUNDLE_LOADER = "$(TEST_HOST)";
				CODE_SIGN_STYLE = Automatic;
				CURRENT_PROJECT_VERSION = 1;
				DEVELOPMENT_TEAM = HDMU7Y5UNB;
				GENERATE_INFOPLIST_FILE = YES;
				IPHONEOS_DEPLOYMENT_TARGET = 18.1;
				MARKETING_VERSION = 1.0;
				PRODUCT_BUNDLE_IDENTIFIER = birdwell.FitStoryTests;
				PRODUCT_NAME = "$(TARGET_NAME)";
				SWIFT_EMIT_LOC_STRINGS = NO;
				SWIFT_VERSION = 5.0;
				TARGETED_DEVICE_FAMILY = "1,2";
				TEST_HOST = "$(BUILT_PRODUCTS_DIR)/FitStory.app/$(BUNDLE_EXECUTABLE_FOLDER_PATH)/FitStory";
			};
			name = Debug;
		};
		6026F7222CF6BFD700B87BA4 /* Release */ = {
			isa = XCBuildConfiguration;
			buildSettings = {
				BUNDLE_LOADER = "$(TEST_HOST)";
				CODE_SIGN_STYLE = Automatic;
				CURRENT_PROJECT_VERSION = 1;
				DEVELOPMENT_TEAM = HDMU7Y5UNB;
				GENERATE_INFOPLIST_FILE = YES;
				IPHONEOS_DEPLOYMENT_TARGET = 18.1;
				MARKETING_VERSION = 1.0;
				PRODUCT_BUNDLE_IDENTIFIER = birdwell.FitStoryTests;
				PRODUCT_NAME = "$(TARGET_NAME)";
				SWIFT_EMIT_LOC_STRINGS = NO;
				SWIFT_VERSION = 5.0;
				TARGETED_DEVICE_FAMILY = "1,2";
				TEST_HOST = "$(BUILT_PRODUCTS_DIR)/FitStory.app/$(BUNDLE_EXECUTABLE_FOLDER_PATH)/FitStory";
			};
			name = Release;
		};
		6026F7242CF6BFD700B87BA4 /* Debug */ = {
			isa = XCBuildConfiguration;
			buildSettings = {
				CODE_SIGN_STYLE = Automatic;
				CURRENT_PROJECT_VERSION = 1;
				DEVELOPMENT_TEAM = HDMU7Y5UNB;
				GENERATE_INFOPLIST_FILE = YES;
				MARKETING_VERSION = 1.0;
				PRODUCT_BUNDLE_IDENTIFIER = birdwell.FitStoryUITests;
				PRODUCT_NAME = "$(TARGET_NAME)";
				SWIFT_EMIT_LOC_STRINGS = NO;
				SWIFT_VERSION = 5.0;
				TARGETED_DEVICE_FAMILY = "1,2";
				TEST_TARGET_NAME = FitStory;
			};
			name = Debug;
		};
		6026F7252CF6BFD700B87BA4 /* Release */ = {
			isa = XCBuildConfiguration;
			buildSettings = {
				CODE_SIGN_STYLE = Automatic;
				CURRENT_PROJECT_VERSION = 1;
				DEVELOPMENT_TEAM = HDMU7Y5UNB;
				GENERATE_INFOPLIST_FILE = YES;
				MARKETING_VERSION = 1.0;
				PRODUCT_BUNDLE_IDENTIFIER = birdwell.FitStoryUITests;
				PRODUCT_NAME = "$(TARGET_NAME)";
				SWIFT_EMIT_LOC_STRINGS = NO;
				SWIFT_VERSION = 5.0;
				TARGETED_DEVICE_FAMILY = "1,2";
				TEST_TARGET_NAME = FitStory;
			};
			name = Release;
		};
/* End XCBuildConfiguration section */

/* Begin XCConfigurationList section */
		6026F6EF2CF6BFD600B87BA4 /* Build configuration list for PBXProject "FitStory" */ = {
			isa = XCConfigurationList;
			buildConfigurations = (
				6026F71E2CF6BFD700B87BA4 /* Debug */,
				6026F71F2CF6BFD700B87BA4 /* Release */,
			);
			defaultConfigurationIsVisible = 0;
			defaultConfigurationName = Release;
		};
		6026F71B2CF6BFD700B87BA4 /* Build configuration list for PBXNativeTarget "FitStory" */ = {
			isa = XCConfigurationList;
			buildConfigurations = (
				6026F71C2CF6BFD700B87BA4 /* Debug */,
				6026F71D2CF6BFD700B87BA4 /* Release */,
			);
			defaultConfigurationIsVisible = 0;
			defaultConfigurationName = Release;
		};
		6026F7202CF6BFD700B87BA4 /* Build configuration list for PBXNativeTarget "FitStoryTests" */ = {
			isa = XCConfigurationList;
			buildConfigurations = (
				6026F7212CF6BFD700B87BA4 /* Debug */,
				6026F7222CF6BFD700B87BA4 /* Release */,
			);
			defaultConfigurationIsVisible = 0;
			defaultConfigurationName = Release;
		};
		6026F7232CF6BFD700B87BA4 /* Build configuration list for PBXNativeTarget "FitStoryUITests" */ = {
			isa = XCConfigurationList;
			buildConfigurations = (
				6026F7242CF6BFD700B87BA4 /* Debug */,
				6026F7252CF6BFD700B87BA4 /* Release */,
			);
			defaultConfigurationIsVisible = 0;
			defaultConfigurationName = Release;
		};
/* End XCConfigurationList section */
	};
	rootObject = 6026F6EC2CF6BFD600B87BA4 /* Project object */;
}
